
Microsoft Visual Studio Solution File, Format Version 12.00
Project("{FAE04EC0-301F-11D3-BF4B-00C04F79EFBC}") = "IclicksYandexCloud", "IclicksYandexCloud\IclicksYandexCloud.csproj", "{252AB13A-A7C4-44DB-8504-B744C7018EFF}"
EndProject
Global
	GlobalSection(SolutionConfigurationPlatforms) = preSolution
		Debug|Any CPU = Debug|Any CPU
		Release|Any CPU = Release|Any CPU
	EndGlobalSection
	GlobalSection(ProjectConfigurationPlatforms) = postSolution
		{252AB13A-A7C4-44DB-8504-B744C7018EFF}.Debug|Any CPU.ActiveCfg = Debug|Any CPU
		{252AB13A-A7C4-44DB-8504-B744C7018EFF}.Debug|Any CPU.Build.0 = Debug|Any CPU
		{252AB13A-A7C4-44DB-8504-B744C7018EFF}.Release|Any CPU.ActiveCfg = Release|Any CPU
		{252AB13A-A7C4-44DB-8504-B744C7018EFF}.Release|Any CPU.Build.0 = Release|Any CPU
	EndGlobalSection
EndGlobal
